
Microsoft Visual Studio Solution File, Format Version 12.00
# Visual Studio 15
VisualStudioVersion = 15.0.26228.4
MinimumVisualStudioVersion = 10.0.40219.1
Project("{FAE04EC0-301F-11D3-BF4B-00C04F79EFBC}") = "SelfHostedHttpServer", "ScoreboardWebServer\SelfHostingHttpServer\SelfHostedHttpServer.csproj", "{042A2E9C-DF7F-4CBD-8A47-ABB16291A5F0}"
EndProject
Project("{FAE04EC0-301F-11D3-BF4B-00C04F79EFBC}") = "ScoreboardWebServer", "ScoreboardWebServer\ScoreboardWebServer\ScoreboardWebServer.csproj", "{96D6B59F-E14A-4BCD-9CB0-A1AA08C40AB3}"
EndProject
Project("{FAE04EC0-301F-11D3-BF4B-00C04F79EFBC}") = "ScoreboardWebServerHelper", "ScoreboardWebServer\ScoreboardWebServerHelper\ScoreboardWebServerHelper.csproj", "{B67F3261-FC29-4275-95C2-6B02726C1CF9}"
EndProject
Project("{E24C65DC-7377-472B-9ABA-BC803B73C61A}") = "TestWebApp", "Test\TestWebApp\", "{3BF73203-5D20-4F36-9C74-0C30741BA119}"
	ProjectSection(WebsiteProperties) = preProject
		TargetFrameworkMoniker = ".NETFramework,Version%3Dv4.5.2"
		Debug.AspNetCompiler.VirtualPath = "/localhost_32746"
		Debug.AspNetCompiler.PhysicalPath = "Test\TestWebApp\"
		Debug.AspNetCompiler.TargetPath = "PrecompiledWeb\localhost_32746\"
		Debug.AspNetCompiler.Updateable = "true"
		Debug.AspNetCompiler.ForceOverwrite = "true"
		Debug.AspNetCompiler.FixedNames = "false"
		Debug.AspNetCompiler.Debug = "True"
		Release.AspNetCompiler.VirtualPath = "/localhost_32746"
		Release.AspNetCompiler.PhysicalPath = "Test\TestWebApp\"
		Release.AspNetCompiler.TargetPath = "PrecompiledWeb\localhost_32746\"
		Release.AspNetCompiler.Updateable = "true"
		Release.AspNetCompiler.ForceOverwrite = "true"
		Release.AspNetCompiler.FixedNames = "false"
		Release.AspNetCompiler.Debug = "False"
		VWDPort = "32746"
		SlnRelativePath = "Test\TestWebApp\"
		DefaultWebSiteLanguage = "Visual C#"
	EndProjectSection
EndProject
Project("{2150E333-8FDC-42A3-9474-1A3956D46DE8}") = "LEDs", "LEDs", "{98A9052A-109E-40A0-9CDD-66356F267734}"
EndProject
Project("{FAE04EC0-301F-11D3-BF4B-00C04F79EFBC}") = "winusbdotnet", "GitHubTest\winusbdotnet\winusbdotnet.csproj", "{F9FEC76A-8120-4002-92C9-423A60DFD468}"
EndProject
Project("{FAE04EC0-301F-11D3-BF4B-00C04F79EFBC}") = "test", "GitHubTest\test\test.csproj", "{6238949F-C7F0-4215-A5AF-A61E69BC1AAE}"
EndProject
Project("{FAE04EC0-301F-11D3-BF4B-00C04F79EFBC}") = "ScoreboardTest", "LEDs\ScoreboardTest\ScoreboardTest.csproj", "{1AE3AEC9-DFC3-4987-B13D-9C7403AB0830}"
EndProject
Project("{FAE04EC0-301F-11D3-BF4B-00C04F79EFBC}") = "FadeCandy", "LEDs\FadeCandy\FadeCandy.csproj", "{FF786976-6F50-424C-B5E3-73C5EEAC3ECB}"
EndProject
Project("{FAE04EC0-301F-11D3-BF4B-00C04F79EFBC}") = "Caliburn.Micro.Platform.UWP", "..\Caliburn.Micro\src\Caliburn.Micro.Platform\Caliburn.Micro.Platform.UWP.csproj", "{94D9A9C6-44C1-4E5A-877B-5761C963B2F6}"
EndProject
Project("{2150E333-8FDC-42A3-9474-1A3956D46DE8}") = "Caliburn.Micro", "Caliburn.Micro", "{27787083-12A5-4991-8CC4-33B8D4E6DE24}"
EndProject
Project("{FAE04EC0-301F-11D3-BF4B-00C04F79EFBC}") = "Caliburn.Micro", "..\Caliburn.Micro\src\Caliburn.Micro\Caliburn.Micro.csproj", "{6D772B52-DA8F-4784-971A-4BF50CB6D306}"
EndProject
Project("{FAE04EC0-301F-11D3-BF4B-00C04F79EFBC}") = "Caliburn.Micro.Platform.Core", "..\Caliburn.Micro\src\Caliburn.Micro.Platform\Caliburn.Micro.Platform.Core.csproj", "{0ECBE3D9-AED4-419D-A6E3-C53D5CE2A02A}"
EndProject
Project("{FAE04EC0-301F-11D3-BF4B-00C04F79EFBC}") = "UsbDevices", "GitHubTest\UsbDevices\UsbDevices.csproj", "{4CB7E84D-8638-45E6-9401-41CEE8062392}"
EndProject
Project("{2150E333-8FDC-42A3-9474-1A3956D46DE8}") = "3rdParty", "3rdParty", "{E54E6E27-EBB9-4CEA-9640-0970FAEA6343}"
EndProject
Project("{2150E333-8FDC-42A3-9474-1A3956D46DE8}") = "Test", "Test", "{13054405-06DD-492F-B870-79F4F00F0C4C}"
EndProject
Project("{2150E333-8FDC-42A3-9474-1A3956D46DE8}") = "GitHubTest", "GitHubTest", "{7274C181-F892-46E6-BAC7-1CE3CED9ACE9}"
EndProject
Project("{2150E333-8FDC-42A3-9474-1A3956D46DE8}") = "ScoreboardWebServer", "ScoreboardWebServer", "{926F454D-0B31-43E1-AF60-46EDBC3956A3}"
EndProject
Project("{FAE04EC0-301F-11D3-BF4B-00C04F79EFBC}") = "Catnap.Server", "..\Catnap.Server\Catnap.Server\Catnap.Server\Catnap.Server.csproj", "{1ED5F504-DBE7-45FE-A968-F3F71B26B67E}"
EndProject
Global
	GlobalSection(SolutionConfigurationPlatforms) = preSolution
		Debug|Any CPU = Debug|Any CPU
		Debug|ARM = Debug|ARM
		Debug|x64 = Debug|x64
		Debug|x86 = Debug|x86
		Release|Any CPU = Release|Any CPU
		Release|ARM = Release|ARM
		Release|x64 = Release|x64
		Release|x86 = Release|x86
		Web Prototype|Any CPU = Web Prototype|Any CPU
		Web Prototype|ARM = Web Prototype|ARM
		Web Prototype|x64 = Web Prototype|x64
		Web Prototype|x86 = Web Prototype|x86
	EndGlobalSection
	GlobalSection(ProjectConfigurationPlatforms) = postSolution
		{042A2E9C-DF7F-4CBD-8A47-ABB16291A5F0}.Debug|Any CPU.ActiveCfg = Debug|Any CPU
		{042A2E9C-DF7F-4CBD-8A47-ABB16291A5F0}.Debug|Any CPU.Build.0 = Debug|Any CPU
		{042A2E9C-DF7F-4CBD-8A47-ABB16291A5F0}.Debug|ARM.ActiveCfg = Debug|ARM
		{042A2E9C-DF7F-4CBD-8A47-ABB16291A5F0}.Debug|ARM.Build.0 = Debug|ARM
		{042A2E9C-DF7F-4CBD-8A47-ABB16291A5F0}.Debug|x64.ActiveCfg = Debug|x64
		{042A2E9C-DF7F-4CBD-8A47-ABB16291A5F0}.Debug|x64.Build.0 = Debug|x64
		{042A2E9C-DF7F-4CBD-8A47-ABB16291A5F0}.Debug|x86.ActiveCfg = Debug|x86
		{042A2E9C-DF7F-4CBD-8A47-ABB16291A5F0}.Debug|x86.Build.0 = Debug|x86
		{042A2E9C-DF7F-4CBD-8A47-ABB16291A5F0}.Release|Any CPU.ActiveCfg = Release|Any CPU
		{042A2E9C-DF7F-4CBD-8A47-ABB16291A5F0}.Release|Any CPU.Build.0 = Release|Any CPU
		{042A2E9C-DF7F-4CBD-8A47-ABB16291A5F0}.Release|ARM.ActiveCfg = Release|ARM
		{042A2E9C-DF7F-4CBD-8A47-ABB16291A5F0}.Release|ARM.Build.0 = Release|ARM
		{042A2E9C-DF7F-4CBD-8A47-ABB16291A5F0}.Release|x64.ActiveCfg = Release|x64
		{042A2E9C-DF7F-4CBD-8A47-ABB16291A5F0}.Release|x64.Build.0 = Release|x64
		{042A2E9C-DF7F-4CBD-8A47-ABB16291A5F0}.Release|x86.ActiveCfg = Release|x86
		{042A2E9C-DF7F-4CBD-8A47-ABB16291A5F0}.Release|x86.Build.0 = Release|x86
		{042A2E9C-DF7F-4CBD-8A47-ABB16291A5F0}.Web Prototype|Any CPU.ActiveCfg = Web Prototype|Any CPU
		{042A2E9C-DF7F-4CBD-8A47-ABB16291A5F0}.Web Prototype|ARM.ActiveCfg = Web Prototype|ARM
		{042A2E9C-DF7F-4CBD-8A47-ABB16291A5F0}.Web Prototype|x64.ActiveCfg = Web Prototype|x64
		{042A2E9C-DF7F-4CBD-8A47-ABB16291A5F0}.Web Prototype|x64.Build.0 = Web Prototype|x64
		{042A2E9C-DF7F-4CBD-8A47-ABB16291A5F0}.Web Prototype|x86.ActiveCfg = Web Prototype|x86
		{042A2E9C-DF7F-4CBD-8A47-ABB16291A5F0}.Web Prototype|x86.Build.0 = Web Prototype|x86
		{96D6B59F-E14A-4BCD-9CB0-A1AA08C40AB3}.Debug|Any CPU.ActiveCfg = Debug|x86
		{96D6B59F-E14A-4BCD-9CB0-A1AA08C40AB3}.Debug|Any CPU.Build.0 = Debug|x86
		{96D6B59F-E14A-4BCD-9CB0-A1AA08C40AB3}.Debug|Any CPU.Deploy.0 = Debug|x86
		{96D6B59F-E14A-4BCD-9CB0-A1AA08C40AB3}.Debug|ARM.ActiveCfg = Debug|ARM
		{96D6B59F-E14A-4BCD-9CB0-A1AA08C40AB3}.Debug|ARM.Build.0 = Debug|ARM
		{96D6B59F-E14A-4BCD-9CB0-A1AA08C40AB3}.Debug|ARM.Deploy.0 = Debug|ARM
		{96D6B59F-E14A-4BCD-9CB0-A1AA08C40AB3}.Debug|x64.ActiveCfg = Debug|Any CPU
		{96D6B59F-E14A-4BCD-9CB0-A1AA08C40AB3}.Debug|x64.Build.0 = Debug|Any CPU
		{96D6B59F-E14A-4BCD-9CB0-A1AA08C40AB3}.Debug|x64.Deploy.0 = Debug|Any CPU
		{96D6B59F-E14A-4BCD-9CB0-A1AA08C40AB3}.Debug|x86.ActiveCfg = Debug|x86
		{96D6B59F-E14A-4BCD-9CB0-A1AA08C40AB3}.Debug|x86.Build.0 = Debug|x86
		{96D6B59F-E14A-4BCD-9CB0-A1AA08C40AB3}.Debug|x86.Deploy.0 = Debug|x86
		{96D6B59F-E14A-4BCD-9CB0-A1AA08C40AB3}.Release|Any CPU.ActiveCfg = Release|Any CPU
		{96D6B59F-E14A-4BCD-9CB0-A1AA08C40AB3}.Release|Any CPU.Build.0 = Release|Any CPU
		{96D6B59F-E14A-4BCD-9CB0-A1AA08C40AB3}.Release|Any CPU.Deploy.0 = Release|Any CPU
		{96D6B59F-E14A-4BCD-9CB0-A1AA08C40AB3}.Release|ARM.ActiveCfg = Release|ARM
		{96D6B59F-E14A-4BCD-9CB0-A1AA08C40AB3}.Release|ARM.Build.0 = Release|ARM
		{96D6B59F-E14A-4BCD-9CB0-A1AA08C40AB3}.Release|ARM.Deploy.0 = Release|ARM
		{96D6B59F-E14A-4BCD-9CB0-A1AA08C40AB3}.Release|x64.ActiveCfg = Release|Any CPU
		{96D6B59F-E14A-4BCD-9CB0-A1AA08C40AB3}.Release|x64.Build.0 = Release|Any CPU
		{96D6B59F-E14A-4BCD-9CB0-A1AA08C40AB3}.Release|x64.Deploy.0 = Release|Any CPU
		{96D6B59F-E14A-4BCD-9CB0-A1AA08C40AB3}.Release|x86.ActiveCfg = Release|x86
		{96D6B59F-E14A-4BCD-9CB0-A1AA08C40AB3}.Release|x86.Build.0 = Release|x86
		{96D6B59F-E14A-4BCD-9CB0-A1AA08C40AB3}.Release|x86.Deploy.0 = Release|x86
		{96D6B59F-E14A-4BCD-9CB0-A1AA08C40AB3}.Web Prototype|Any CPU.ActiveCfg = Web Prototype|Any CPU
		{96D6B59F-E14A-4BCD-9CB0-A1AA08C40AB3}.Web Prototype|Any CPU.Build.0 = Web Prototype|Any CPU
		{96D6B59F-E14A-4BCD-9CB0-A1AA08C40AB3}.Web Prototype|Any CPU.Deploy.0 = Web Prototype|Any CPU
		{96D6B59F-E14A-4BCD-9CB0-A1AA08C40AB3}.Web Prototype|ARM.ActiveCfg = Web Prototype|ARM
		{96D6B59F-E14A-4BCD-9CB0-A1AA08C40AB3}.Web Prototype|x64.ActiveCfg = Web Prototype|Any CPU
		{96D6B59F-E14A-4BCD-9CB0-A1AA08C40AB3}.Web Prototype|x64.Build.0 = Web Prototype|Any CPU
		{96D6B59F-E14A-4BCD-9CB0-A1AA08C40AB3}.Web Prototype|x64.Deploy.0 = Web Prototype|Any CPU
		{96D6B59F-E14A-4BCD-9CB0-A1AA08C40AB3}.Web Prototype|x86.ActiveCfg = Web Prototype|x86
		{96D6B59F-E14A-4BCD-9CB0-A1AA08C40AB3}.Web Prototype|x86.Build.0 = Web Prototype|x86
		{96D6B59F-E14A-4BCD-9CB0-A1AA08C40AB3}.Web Prototype|x86.Deploy.0 = Web Prototype|x86
		{B67F3261-FC29-4275-95C2-6B02726C1CF9}.Debug|Any CPU.ActiveCfg = Debug|Any CPU
		{B67F3261-FC29-4275-95C2-6B02726C1CF9}.Debug|Any CPU.Build.0 = Debug|Any CPU
		{B67F3261-FC29-4275-95C2-6B02726C1CF9}.Debug|ARM.ActiveCfg = Debug|ARM
		{B67F3261-FC29-4275-95C2-6B02726C1CF9}.Debug|ARM.Build.0 = Debug|ARM
		{B67F3261-FC29-4275-95C2-6B02726C1CF9}.Debug|x64.ActiveCfg = Debug|x64
		{B67F3261-FC29-4275-95C2-6B02726C1CF9}.Debug|x64.Build.0 = Debug|x64
		{B67F3261-FC29-4275-95C2-6B02726C1CF9}.Debug|x86.ActiveCfg = Debug|x86
		{B67F3261-FC29-4275-95C2-6B02726C1CF9}.Debug|x86.Build.0 = Debug|x86
		{B67F3261-FC29-4275-95C2-6B02726C1CF9}.Release|Any CPU.ActiveCfg = Release|Any CPU
		{B67F3261-FC29-4275-95C2-6B02726C1CF9}.Release|Any CPU.Build.0 = Release|Any CPU
		{B67F3261-FC29-4275-95C2-6B02726C1CF9}.Release|ARM.ActiveCfg = Release|ARM
		{B67F3261-FC29-4275-95C2-6B02726C1CF9}.Release|ARM.Build.0 = Release|ARM
		{B67F3261-FC29-4275-95C2-6B02726C1CF9}.Release|x64.ActiveCfg = Release|x64
		{B67F3261-FC29-4275-95C2-6B02726C1CF9}.Release|x64.Build.0 = Release|x64
		{B67F3261-FC29-4275-95C2-6B02726C1CF9}.Release|x86.ActiveCfg = Release|x86
		{B67F3261-FC29-4275-95C2-6B02726C1CF9}.Release|x86.Build.0 = Release|x86
		{B67F3261-FC29-4275-95C2-6B02726C1CF9}.Web Prototype|Any CPU.ActiveCfg = Web Prototype|Any CPU
		{B67F3261-FC29-4275-95C2-6B02726C1CF9}.Web Prototype|ARM.ActiveCfg = Web Prototype|ARM
		{B67F3261-FC29-4275-95C2-6B02726C1CF9}.Web Prototype|x64.ActiveCfg = Web Prototype|x64
		{B67F3261-FC29-4275-95C2-6B02726C1CF9}.Web Prototype|x64.Build.0 = Web Prototype|x64
		{B67F3261-FC29-4275-95C2-6B02726C1CF9}.Web Prototype|x86.ActiveCfg = Web Prototype|x86
		{B67F3261-FC29-4275-95C2-6B02726C1CF9}.Web Prototype|x86.Build.0 = Web Prototype|x86
		{3BF73203-5D20-4F36-9C74-0C30741BA119}.Debug|Any CPU.ActiveCfg = Debug|Any CPU
		{3BF73203-5D20-4F36-9C74-0C30741BA119}.Debug|Any CPU.Build.0 = Debug|Any CPU
		{3BF73203-5D20-4F36-9C74-0C30741BA119}.Debug|ARM.ActiveCfg = Debug|Any CPU
		{3BF73203-5D20-4F36-9C74-0C30741BA119}.Debug|x64.ActiveCfg = Debug|Any CPU
		{3BF73203-5D20-4F36-9C74-0C30741BA119}.Debug|x64.Build.0 = Debug|Any CPU
		{3BF73203-5D20-4F36-9C74-0C30741BA119}.Debug|x86.ActiveCfg = Debug|Any CPU
		{3BF73203-5D20-4F36-9C74-0C30741BA119}.Debug|x86.Build.0 = Debug|Any CPU
		{3BF73203-5D20-4F36-9C74-0C30741BA119}.Release|Any CPU.ActiveCfg = Debug|Any CPU
		{3BF73203-5D20-4F36-9C74-0C30741BA119}.Release|Any CPU.Build.0 = Debug|Any CPU
		{3BF73203-5D20-4F36-9C74-0C30741BA119}.Release|ARM.ActiveCfg = Debug|Any CPU
		{3BF73203-5D20-4F36-9C74-0C30741BA119}.Release|ARM.Build.0 = Debug|Any CPU
		{3BF73203-5D20-4F36-9C74-0C30741BA119}.Release|x64.ActiveCfg = Debug|Any CPU
		{3BF73203-5D20-4F36-9C74-0C30741BA119}.Release|x64.Build.0 = Debug|Any CPU
		{3BF73203-5D20-4F36-9C74-0C30741BA119}.Release|x86.ActiveCfg = Debug|Any CPU
		{3BF73203-5D20-4F36-9C74-0C30741BA119}.Release|x86.Build.0 = Debug|Any CPU
		{3BF73203-5D20-4F36-9C74-0C30741BA119}.Web Prototype|Any CPU.ActiveCfg = Debug|Any CPU
		{3BF73203-5D20-4F36-9C74-0C30741BA119}.Web Prototype|ARM.ActiveCfg = Debug|Any CPU
		{3BF73203-5D20-4F36-9C74-0C30741BA119}.Web Prototype|x64.ActiveCfg = Debug|Any CPU
		{3BF73203-5D20-4F36-9C74-0C30741BA119}.Web Prototype|x64.Build.0 = Debug|Any CPU
		{3BF73203-5D20-4F36-9C74-0C30741BA119}.Web Prototype|x86.ActiveCfg = Debug|Any CPU
		{3BF73203-5D20-4F36-9C74-0C30741BA119}.Web Prototype|x86.Build.0 = Debug|Any CPU
		{F9FEC76A-8120-4002-92C9-423A60DFD468}.Debug|Any CPU.ActiveCfg = Debug|Any CPU
		{F9FEC76A-8120-4002-92C9-423A60DFD468}.Debug|Any CPU.Build.0 = Debug|Any CPU
		{F9FEC76A-8120-4002-92C9-423A60DFD468}.Debug|ARM.ActiveCfg = Debug|Any CPU
		{F9FEC76A-8120-4002-92C9-423A60DFD468}.Debug|x64.ActiveCfg = Debug|Any CPU
		{F9FEC76A-8120-4002-92C9-423A60DFD468}.Debug|x64.Build.0 = Debug|Any CPU
		{F9FEC76A-8120-4002-92C9-423A60DFD468}.Debug|x86.ActiveCfg = Debug|Any CPU
		{F9FEC76A-8120-4002-92C9-423A60DFD468}.Debug|x86.Build.0 = Debug|Any CPU
		{F9FEC76A-8120-4002-92C9-423A60DFD468}.Release|Any CPU.ActiveCfg = Release|Any CPU
		{F9FEC76A-8120-4002-92C9-423A60DFD468}.Release|Any CPU.Build.0 = Release|Any CPU
		{F9FEC76A-8120-4002-92C9-423A60DFD468}.Release|ARM.ActiveCfg = Release|Any CPU
		{F9FEC76A-8120-4002-92C9-423A60DFD468}.Release|ARM.Build.0 = Release|Any CPU
		{F9FEC76A-8120-4002-92C9-423A60DFD468}.Release|x64.ActiveCfg = Release|Any CPU
		{F9FEC76A-8120-4002-92C9-423A60DFD468}.Release|x64.Build.0 = Release|Any CPU
		{F9FEC76A-8120-4002-92C9-423A60DFD468}.Release|x86.ActiveCfg = Release|Any CPU
		{F9FEC76A-8120-4002-92C9-423A60DFD468}.Release|x86.Build.0 = Release|Any CPU
		{F9FEC76A-8120-4002-92C9-423A60DFD468}.Web Prototype|Any CPU.ActiveCfg = Web Prototype|Any CPU
		{F9FEC76A-8120-4002-92C9-423A60DFD468}.Web Prototype|ARM.ActiveCfg = Web Prototype|Any CPU
		{F9FEC76A-8120-4002-92C9-423A60DFD468}.Web Prototype|x64.ActiveCfg = Web Prototype|Any CPU
		{F9FEC76A-8120-4002-92C9-423A60DFD468}.Web Prototype|x64.Build.0 = Web Prototype|Any CPU
		{F9FEC76A-8120-4002-92C9-423A60DFD468}.Web Prototype|x86.ActiveCfg = Web Prototype|Any CPU
		{F9FEC76A-8120-4002-92C9-423A60DFD468}.Web Prototype|x86.Build.0 = Web Prototype|Any CPU
		{6238949F-C7F0-4215-A5AF-A61E69BC1AAE}.Debug|Any CPU.ActiveCfg = Debug|Any CPU
		{6238949F-C7F0-4215-A5AF-A61E69BC1AAE}.Debug|Any CPU.Build.0 = Debug|Any CPU
		{6238949F-C7F0-4215-A5AF-A61E69BC1AAE}.Debug|ARM.ActiveCfg = Debug|Any CPU
		{6238949F-C7F0-4215-A5AF-A61E69BC1AAE}.Debug|x64.ActiveCfg = Debug|Any CPU
		{6238949F-C7F0-4215-A5AF-A61E69BC1AAE}.Debug|x64.Build.0 = Debug|Any CPU
		{6238949F-C7F0-4215-A5AF-A61E69BC1AAE}.Debug|x86.ActiveCfg = Debug|Any CPU
		{6238949F-C7F0-4215-A5AF-A61E69BC1AAE}.Debug|x86.Build.0 = Debug|Any CPU
		{6238949F-C7F0-4215-A5AF-A61E69BC1AAE}.Release|Any CPU.ActiveCfg = Release|Any CPU
		{6238949F-C7F0-4215-A5AF-A61E69BC1AAE}.Release|Any CPU.Build.0 = Release|Any CPU
		{6238949F-C7F0-4215-A5AF-A61E69BC1AAE}.Release|ARM.ActiveCfg = Release|Any CPU
		{6238949F-C7F0-4215-A5AF-A61E69BC1AAE}.Release|ARM.Build.0 = Release|Any CPU
		{6238949F-C7F0-4215-A5AF-A61E69BC1AAE}.Release|x64.ActiveCfg = Release|Any CPU
		{6238949F-C7F0-4215-A5AF-A61E69BC1AAE}.Release|x64.Build.0 = Release|Any CPU
		{6238949F-C7F0-4215-A5AF-A61E69BC1AAE}.Release|x86.ActiveCfg = Release|Any CPU
		{6238949F-C7F0-4215-A5AF-A61E69BC1AAE}.Release|x86.Build.0 = Release|Any CPU
		{6238949F-C7F0-4215-A5AF-A61E69BC1AAE}.Web Prototype|Any CPU.ActiveCfg = Web Prototype|Any CPU
		{6238949F-C7F0-4215-A5AF-A61E69BC1AAE}.Web Prototype|ARM.ActiveCfg = Web Prototype|Any CPU
		{6238949F-C7F0-4215-A5AF-A61E69BC1AAE}.Web Prototype|x64.ActiveCfg = Web Prototype|Any CPU
		{6238949F-C7F0-4215-A5AF-A61E69BC1AAE}.Web Prototype|x64.Build.0 = Web Prototype|Any CPU
		{6238949F-C7F0-4215-A5AF-A61E69BC1AAE}.Web Prototype|x86.ActiveCfg = Web Prototype|Any CPU
		{6238949F-C7F0-4215-A5AF-A61E69BC1AAE}.Web Prototype|x86.Build.0 = Web Prototype|Any CPU
		{1AE3AEC9-DFC3-4987-B13D-9C7403AB0830}.Debug|Any CPU.ActiveCfg = Debug|x86
		{1AE3AEC9-DFC3-4987-B13D-9C7403AB0830}.Debug|Any CPU.Build.0 = Debug|x86
		{1AE3AEC9-DFC3-4987-B13D-9C7403AB0830}.Debug|Any CPU.Deploy.0 = Debug|x86
		{1AE3AEC9-DFC3-4987-B13D-9C7403AB0830}.Debug|ARM.ActiveCfg = Debug|ARM
		{1AE3AEC9-DFC3-4987-B13D-9C7403AB0830}.Debug|x64.ActiveCfg = Debug|Any CPU
		{1AE3AEC9-DFC3-4987-B13D-9C7403AB0830}.Debug|x64.Build.0 = Debug|Any CPU
		{1AE3AEC9-DFC3-4987-B13D-9C7403AB0830}.Debug|x64.Deploy.0 = Debug|Any CPU
		{1AE3AEC9-DFC3-4987-B13D-9C7403AB0830}.Debug|x86.ActiveCfg = Debug|x86
		{1AE3AEC9-DFC3-4987-B13D-9C7403AB0830}.Debug|x86.Build.0 = Debug|x86
		{1AE3AEC9-DFC3-4987-B13D-9C7403AB0830}.Debug|x86.Deploy.0 = Debug|x86
		{1AE3AEC9-DFC3-4987-B13D-9C7403AB0830}.Release|Any CPU.ActiveCfg = Release|Any CPU
		{1AE3AEC9-DFC3-4987-B13D-9C7403AB0830}.Release|Any CPU.Build.0 = Release|Any CPU
		{1AE3AEC9-DFC3-4987-B13D-9C7403AB0830}.Release|Any CPU.Deploy.0 = Release|Any CPU
		{1AE3AEC9-DFC3-4987-B13D-9C7403AB0830}.Release|ARM.ActiveCfg = Release|ARM
		{1AE3AEC9-DFC3-4987-B13D-9C7403AB0830}.Release|ARM.Build.0 = Release|ARM
		{1AE3AEC9-DFC3-4987-B13D-9C7403AB0830}.Release|ARM.Deploy.0 = Release|ARM
		{1AE3AEC9-DFC3-4987-B13D-9C7403AB0830}.Release|x64.ActiveCfg = Release|Any CPU
		{1AE3AEC9-DFC3-4987-B13D-9C7403AB0830}.Release|x64.Build.0 = Release|Any CPU
		{1AE3AEC9-DFC3-4987-B13D-9C7403AB0830}.Release|x64.Deploy.0 = Release|Any CPU
		{1AE3AEC9-DFC3-4987-B13D-9C7403AB0830}.Release|x86.ActiveCfg = Release|x86
		{1AE3AEC9-DFC3-4987-B13D-9C7403AB0830}.Release|x86.Build.0 = Release|x86
		{1AE3AEC9-DFC3-4987-B13D-9C7403AB0830}.Release|x86.Deploy.0 = Release|x86
		{1AE3AEC9-DFC3-4987-B13D-9C7403AB0830}.Web Prototype|Any CPU.ActiveCfg = Release|Any CPU
		{1AE3AEC9-DFC3-4987-B13D-9C7403AB0830}.Web Prototype|Any CPU.Build.0 = Release|Any CPU
		{1AE3AEC9-DFC3-4987-B13D-9C7403AB0830}.Web Prototype|Any CPU.Deploy.0 = Release|Any CPU
		{1AE3AEC9-DFC3-4987-B13D-9C7403AB0830}.Web Prototype|ARM.ActiveCfg = Release|ARM
		{1AE3AEC9-DFC3-4987-B13D-9C7403AB0830}.Web Prototype|ARM.Build.0 = Release|ARM
		{1AE3AEC9-DFC3-4987-B13D-9C7403AB0830}.Web Prototype|ARM.Deploy.0 = Release|ARM
		{1AE3AEC9-DFC3-4987-B13D-9C7403AB0830}.Web Prototype|x64.ActiveCfg = Release|Any CPU
		{1AE3AEC9-DFC3-4987-B13D-9C7403AB0830}.Web Prototype|x64.Build.0 = Release|Any CPU
		{1AE3AEC9-DFC3-4987-B13D-9C7403AB0830}.Web Prototype|x64.Deploy.0 = Release|Any CPU
		{1AE3AEC9-DFC3-4987-B13D-9C7403AB0830}.Web Prototype|x86.ActiveCfg = Release|x86
		{1AE3AEC9-DFC3-4987-B13D-9C7403AB0830}.Web Prototype|x86.Build.0 = Release|x86
		{1AE3AEC9-DFC3-4987-B13D-9C7403AB0830}.Web Prototype|x86.Deploy.0 = Release|x86
		{FF786976-6F50-424C-B5E3-73C5EEAC3ECB}.Debug|Any CPU.ActiveCfg = Debug|Any CPU
		{FF786976-6F50-424C-B5E3-73C5EEAC3ECB}.Debug|Any CPU.Build.0 = Debug|Any CPU
		{FF786976-6F50-424C-B5E3-73C5EEAC3ECB}.Debug|ARM.ActiveCfg = Debug|ARM
		{FF786976-6F50-424C-B5E3-73C5EEAC3ECB}.Debug|ARM.Build.0 = Debug|ARM
		{FF786976-6F50-424C-B5E3-73C5EEAC3ECB}.Debug|x64.ActiveCfg = Debug|x64
		{FF786976-6F50-424C-B5E3-73C5EEAC3ECB}.Debug|x64.Build.0 = Debug|x64
		{FF786976-6F50-424C-B5E3-73C5EEAC3ECB}.Debug|x86.ActiveCfg = Debug|x86
		{FF786976-6F50-424C-B5E3-73C5EEAC3ECB}.Debug|x86.Build.0 = Debug|x86
		{FF786976-6F50-424C-B5E3-73C5EEAC3ECB}.Release|Any CPU.ActiveCfg = Release|Any CPU
		{FF786976-6F50-424C-B5E3-73C5EEAC3ECB}.Release|Any CPU.Build.0 = Release|Any CPU
		{FF786976-6F50-424C-B5E3-73C5EEAC3ECB}.Release|ARM.ActiveCfg = Release|ARM
		{FF786976-6F50-424C-B5E3-73C5EEAC3ECB}.Release|ARM.Build.0 = Release|ARM
		{FF786976-6F50-424C-B5E3-73C5EEAC3ECB}.Release|x64.ActiveCfg = Release|x64
		{FF786976-6F50-424C-B5E3-73C5EEAC3ECB}.Release|x64.Build.0 = Release|x64
		{FF786976-6F50-424C-B5E3-73C5EEAC3ECB}.Release|x86.ActiveCfg = Release|x86
		{FF786976-6F50-424C-B5E3-73C5EEAC3ECB}.Release|x86.Build.0 = Release|x86
		{FF786976-6F50-424C-B5E3-73C5EEAC3ECB}.Web Prototype|Any CPU.ActiveCfg = Release|Any CPU
		{FF786976-6F50-424C-B5E3-73C5EEAC3ECB}.Web Prototype|Any CPU.Build.0 = Release|Any CPU
		{FF786976-6F50-424C-B5E3-73C5EEAC3ECB}.Web Prototype|ARM.ActiveCfg = Release|ARM
		{FF786976-6F50-424C-B5E3-73C5EEAC3ECB}.Web Prototype|ARM.Build.0 = Release|ARM
		{FF786976-6F50-424C-B5E3-73C5EEAC3ECB}.Web Prototype|x64.ActiveCfg = Release|x64
		{FF786976-6F50-424C-B5E3-73C5EEAC3ECB}.Web Prototype|x64.Build.0 = Release|x64
		{FF786976-6F50-424C-B5E3-73C5EEAC3ECB}.Web Prototype|x86.ActiveCfg = Release|x86
		{FF786976-6F50-424C-B5E3-73C5EEAC3ECB}.Web Prototype|x86.Build.0 = Release|x86
		{94D9A9C6-44C1-4E5A-877B-5761C963B2F6}.Debug|Any CPU.ActiveCfg = Debug|Any CPU
		{94D9A9C6-44C1-4E5A-877B-5761C963B2F6}.Debug|Any CPU.Build.0 = Debug|Any CPU
		{94D9A9C6-44C1-4E5A-877B-5761C963B2F6}.Debug|ARM.ActiveCfg = Debug|ARM
		{94D9A9C6-44C1-4E5A-877B-5761C963B2F6}.Debug|x64.ActiveCfg = Debug|x64
		{94D9A9C6-44C1-4E5A-877B-5761C963B2F6}.Debug|x64.Build.0 = Debug|x64
		{94D9A9C6-44C1-4E5A-877B-5761C963B2F6}.Debug|x86.ActiveCfg = Debug|x86
		{94D9A9C6-44C1-4E5A-877B-5761C963B2F6}.Debug|x86.Build.0 = Debug|x86
		{94D9A9C6-44C1-4E5A-877B-5761C963B2F6}.Release|Any CPU.ActiveCfg = Release|Any CPU
		{94D9A9C6-44C1-4E5A-877B-5761C963B2F6}.Release|Any CPU.Build.0 = Release|Any CPU
		{94D9A9C6-44C1-4E5A-877B-5761C963B2F6}.Release|ARM.ActiveCfg = Release|ARM
		{94D9A9C6-44C1-4E5A-877B-5761C963B2F6}.Release|ARM.Build.0 = Release|ARM
		{94D9A9C6-44C1-4E5A-877B-5761C963B2F6}.Release|x64.ActiveCfg = Release|x64
		{94D9A9C6-44C1-4E5A-877B-5761C963B2F6}.Release|x64.Build.0 = Release|x64
		{94D9A9C6-44C1-4E5A-877B-5761C963B2F6}.Release|x86.ActiveCfg = Release|x86
		{94D9A9C6-44C1-4E5A-877B-5761C963B2F6}.Release|x86.Build.0 = Release|x86
		{94D9A9C6-44C1-4E5A-877B-5761C963B2F6}.Web Prototype|Any CPU.ActiveCfg = Release|Any CPU
		{94D9A9C6-44C1-4E5A-877B-5761C963B2F6}.Web Prototype|Any CPU.Build.0 = Release|Any CPU
		{94D9A9C6-44C1-4E5A-877B-5761C963B2F6}.Web Prototype|ARM.ActiveCfg = Release|ARM
		{94D9A9C6-44C1-4E5A-877B-5761C963B2F6}.Web Prototype|ARM.Build.0 = Release|ARM
		{94D9A9C6-44C1-4E5A-877B-5761C963B2F6}.Web Prototype|x64.ActiveCfg = Release|x64
		{94D9A9C6-44C1-4E5A-877B-5761C963B2F6}.Web Prototype|x64.Build.0 = Release|x64
		{94D9A9C6-44C1-4E5A-877B-5761C963B2F6}.Web Prototype|x86.ActiveCfg = Release|x86
		{94D9A9C6-44C1-4E5A-877B-5761C963B2F6}.Web Prototype|x86.Build.0 = Release|x86
		{6D772B52-DA8F-4784-971A-4BF50CB6D306}.Debug|Any CPU.ActiveCfg = Debug|Any CPU
		{6D772B52-DA8F-4784-971A-4BF50CB6D306}.Debug|Any CPU.Build.0 = Debug|Any CPU
		{6D772B52-DA8F-4784-971A-4BF50CB6D306}.Debug|ARM.ActiveCfg = Debug|Any CPU
		{6D772B52-DA8F-4784-971A-4BF50CB6D306}.Debug|x64.ActiveCfg = Debug|Any CPU
		{6D772B52-DA8F-4784-971A-4BF50CB6D306}.Debug|x64.Build.0 = Debug|Any CPU
		{6D772B52-DA8F-4784-971A-4BF50CB6D306}.Debug|x86.ActiveCfg = Debug|Any CPU
		{6D772B52-DA8F-4784-971A-4BF50CB6D306}.Debug|x86.Build.0 = Debug|Any CPU
		{6D772B52-DA8F-4784-971A-4BF50CB6D306}.Release|Any CPU.ActiveCfg = Release|Any CPU
		{6D772B52-DA8F-4784-971A-4BF50CB6D306}.Release|Any CPU.Build.0 = Release|Any CPU
		{6D772B52-DA8F-4784-971A-4BF50CB6D306}.Release|ARM.ActiveCfg = Release|Any CPU
		{6D772B52-DA8F-4784-971A-4BF50CB6D306}.Release|ARM.Build.0 = Release|Any CPU
		{6D772B52-DA8F-4784-971A-4BF50CB6D306}.Release|x64.ActiveCfg = Release|Any CPU
		{6D772B52-DA8F-4784-971A-4BF50CB6D306}.Release|x64.Build.0 = Release|Any CPU
		{6D772B52-DA8F-4784-971A-4BF50CB6D306}.Release|x86.ActiveCfg = Release|Any CPU
		{6D772B52-DA8F-4784-971A-4BF50CB6D306}.Release|x86.Build.0 = Release|Any CPU
		{6D772B52-DA8F-4784-971A-4BF50CB6D306}.Web Prototype|Any CPU.ActiveCfg = Release|Any CPU
		{6D772B52-DA8F-4784-971A-4BF50CB6D306}.Web Prototype|Any CPU.Build.0 = Release|Any CPU
		{6D772B52-DA8F-4784-971A-4BF50CB6D306}.Web Prototype|ARM.ActiveCfg = Release|Any CPU
		{6D772B52-DA8F-4784-971A-4BF50CB6D306}.Web Prototype|ARM.Build.0 = Release|Any CPU
		{6D772B52-DA8F-4784-971A-4BF50CB6D306}.Web Prototype|x64.ActiveCfg = Release|Any CPU
		{6D772B52-DA8F-4784-971A-4BF50CB6D306}.Web Prototype|x64.Build.0 = Release|Any CPU
		{6D772B52-DA8F-4784-971A-4BF50CB6D306}.Web Prototype|x86.ActiveCfg = Release|Any CPU
		{6D772B52-DA8F-4784-971A-4BF50CB6D306}.Web Prototype|x86.Build.0 = Release|Any CPU
		{0ECBE3D9-AED4-419D-A6E3-C53D5CE2A02A}.Debug|Any CPU.ActiveCfg = Debug|Any CPU
		{0ECBE3D9-AED4-419D-A6E3-C53D5CE2A02A}.Debug|Any CPU.Build.0 = Debug|Any CPU
		{0ECBE3D9-AED4-419D-A6E3-C53D5CE2A02A}.Debug|ARM.ActiveCfg = Debug|Any CPU
		{0ECBE3D9-AED4-419D-A6E3-C53D5CE2A02A}.Debug|x64.ActiveCfg = Debug|Any CPU
		{0ECBE3D9-AED4-419D-A6E3-C53D5CE2A02A}.Debug|x64.Build.0 = Debug|Any CPU
		{0ECBE3D9-AED4-419D-A6E3-C53D5CE2A02A}.Debug|x86.ActiveCfg = Debug|Any CPU
		{0ECBE3D9-AED4-419D-A6E3-C53D5CE2A02A}.Debug|x86.Build.0 = Debug|Any CPU
		{0ECBE3D9-AED4-419D-A6E3-C53D5CE2A02A}.Release|Any CPU.ActiveCfg = Release|Any CPU
		{0ECBE3D9-AED4-419D-A6E3-C53D5CE2A02A}.Release|Any CPU.Build.0 = Release|Any CPU
		{0ECBE3D9-AED4-419D-A6E3-C53D5CE2A02A}.Release|ARM.ActiveCfg = Release|Any CPU
		{0ECBE3D9-AED4-419D-A6E3-C53D5CE2A02A}.Release|ARM.Build.0 = Release|Any CPU
		{0ECBE3D9-AED4-419D-A6E3-C53D5CE2A02A}.Release|x64.ActiveCfg = Release|Any CPU
		{0ECBE3D9-AED4-419D-A6E3-C53D5CE2A02A}.Release|x64.Build.0 = Release|Any CPU
		{0ECBE3D9-AED4-419D-A6E3-C53D5CE2A02A}.Release|x86.ActiveCfg = Release|Any CPU
		{0ECBE3D9-AED4-419D-A6E3-C53D5CE2A02A}.Release|x86.Build.0 = Release|Any CPU
		{0ECBE3D9-AED4-419D-A6E3-C53D5CE2A02A}.Web Prototype|Any CPU.ActiveCfg = Release|Any CPU
		{0ECBE3D9-AED4-419D-A6E3-C53D5CE2A02A}.Web Prototype|Any CPU.Build.0 = Release|Any CPU
		{0ECBE3D9-AED4-419D-A6E3-C53D5CE2A02A}.Web Prototype|ARM.ActiveCfg = Release|Any CPU
		{0ECBE3D9-AED4-419D-A6E3-C53D5CE2A02A}.Web Prototype|ARM.Build.0 = Release|Any CPU
		{0ECBE3D9-AED4-419D-A6E3-C53D5CE2A02A}.Web Prototype|x64.ActiveCfg = Release|Any CPU
		{0ECBE3D9-AED4-419D-A6E3-C53D5CE2A02A}.Web Prototype|x64.Build.0 = Release|Any CPU
		{0ECBE3D9-AED4-419D-A6E3-C53D5CE2A02A}.Web Prototype|x86.ActiveCfg = Release|Any CPU
		{0ECBE3D9-AED4-419D-A6E3-C53D5CE2A02A}.Web Prototype|x86.Build.0 = Release|Any CPU
		{4CB7E84D-8638-45E6-9401-41CEE8062392}.Debug|Any CPU.ActiveCfg = Debug|Any CPU
		{4CB7E84D-8638-45E6-9401-41CEE8062392}.Debug|Any CPU.Build.0 = Debug|Any CPU
		{4CB7E84D-8638-45E6-9401-41CEE8062392}.Debug|ARM.ActiveCfg = Debug|Any CPU
		{4CB7E84D-8638-45E6-9401-41CEE8062392}.Debug|x64.ActiveCfg = Debug|Any CPU
		{4CB7E84D-8638-45E6-9401-41CEE8062392}.Debug|x64.Build.0 = Debug|Any CPU
		{4CB7E84D-8638-45E6-9401-41CEE8062392}.Debug|x86.ActiveCfg = Debug|Any CPU
		{4CB7E84D-8638-45E6-9401-41CEE8062392}.Debug|x86.Build.0 = Debug|Any CPU
		{4CB7E84D-8638-45E6-9401-41CEE8062392}.Release|Any CPU.ActiveCfg = Release|Any CPU
		{4CB7E84D-8638-45E6-9401-41CEE8062392}.Release|Any CPU.Build.0 = Release|Any CPU
		{4CB7E84D-8638-45E6-9401-41CEE8062392}.Release|ARM.ActiveCfg = Release|Any CPU
		{4CB7E84D-8638-45E6-9401-41CEE8062392}.Release|ARM.Build.0 = Release|Any CPU
		{4CB7E84D-8638-45E6-9401-41CEE8062392}.Release|x64.ActiveCfg = Release|Any CPU
		{4CB7E84D-8638-45E6-9401-41CEE8062392}.Release|x64.Build.0 = Release|Any CPU
		{4CB7E84D-8638-45E6-9401-41CEE8062392}.Release|x86.ActiveCfg = Release|Any CPU
		{4CB7E84D-8638-45E6-9401-41CEE8062392}.Release|x86.Build.0 = Release|Any CPU
		{4CB7E84D-8638-45E6-9401-41CEE8062392}.Web Prototype|Any CPU.ActiveCfg = Web Prototype|Any CPU
		{4CB7E84D-8638-45E6-9401-41CEE8062392}.Web Prototype|Any CPU.Build.0 = Web Prototype|Any CPU
		{4CB7E84D-8638-45E6-9401-41CEE8062392}.Web Prototype|ARM.ActiveCfg = Web Prototype|Any CPU
		{4CB7E84D-8638-45E6-9401-41CEE8062392}.Web Prototype|ARM.Build.0 = Web Prototype|Any CPU
		{4CB7E84D-8638-45E6-9401-41CEE8062392}.Web Prototype|x64.ActiveCfg = Web Prototype|Any CPU
		{4CB7E84D-8638-45E6-9401-41CEE8062392}.Web Prototype|x64.Build.0 = Web Prototype|Any CPU
		{4CB7E84D-8638-45E6-9401-41CEE8062392}.Web Prototype|x86.ActiveCfg = Web Prototype|Any CPU
		{4CB7E84D-8638-45E6-9401-41CEE8062392}.Web Prototype|x86.Build.0 = Web Prototype|Any CPU
		{1ED5F504-DBE7-45FE-A968-F3F71B26B67E}.Debug|Any CPU.ActiveCfg = Debug|Any CPU
		{1ED5F504-DBE7-45FE-A968-F3F71B26B67E}.Debug|Any CPU.Build.0 = Debug|Any CPU
		{1ED5F504-DBE7-45FE-A968-F3F71B26B67E}.Debug|ARM.ActiveCfg = Debug|ARM
		{1ED5F504-DBE7-45FE-A968-F3F71B26B67E}.Debug|ARM.Build.0 = Debug|ARM
		{1ED5F504-DBE7-45FE-A968-F3F71B26B67E}.Debug|x64.ActiveCfg = Debug|x64
		{1ED5F504-DBE7-45FE-A968-F3F71B26B67E}.Debug|x64.Build.0 = Debug|x64
		{1ED5F504-DBE7-45FE-A968-F3F71B26B67E}.Debug|x86.ActiveCfg = Debug|x86
		{1ED5F504-DBE7-45FE-A968-F3F71B26B67E}.Debug|x86.Build.0 = Debug|x86
		{1ED5F504-DBE7-45FE-A968-F3F71B26B67E}.Release|Any CPU.ActiveCfg = Release|Any CPU
		{1ED5F504-DBE7-45FE-A968-F3F71B26B67E}.Release|Any CPU.Build.0 = Release|Any CPU
		{1ED5F504-DBE7-45FE-A968-F3F71B26B67E}.Release|ARM.ActiveCfg = Release|ARM
		{1ED5F504-DBE7-45FE-A968-F3F71B26B67E}.Release|ARM.Build.0 = Release|ARM
		{1ED5F504-DBE7-45FE-A968-F3F71B26B67E}.Release|x64.ActiveCfg = Release|x64
		{1ED5F504-DBE7-45FE-A968-F3F71B26B67E}.Release|x64.Build.0 = Release|x64
		{1ED5F504-DBE7-45FE-A968-F3F71B26B67E}.Release|x86.ActiveCfg = Release|x86
		{1ED5F504-DBE7-45FE-A968-F3F71B26B67E}.Release|x86.Build.0 = Release|x86
		{1ED5F504-DBE7-45FE-A968-F3F71B26B67E}.Web Prototype|Any CPU.ActiveCfg = Release|Any CPU
		{1ED5F504-DBE7-45FE-A968-F3F71B26B67E}.Web Prototype|Any CPU.Build.0 = Release|Any CPU
		{1ED5F504-DBE7-45FE-A968-F3F71B26B67E}.Web Prototype|ARM.ActiveCfg = Release|ARM
		{1ED5F504-DBE7-45FE-A968-F3F71B26B67E}.Web Prototype|ARM.Build.0 = Release|ARM
		{1ED5F504-DBE7-45FE-A968-F3F71B26B67E}.Web Prototype|x64.ActiveCfg = Release|x64
		{1ED5F504-DBE7-45FE-A968-F3F71B26B67E}.Web Prototype|x64.Build.0 = Release|x64
		{1ED5F504-DBE7-45FE-A968-F3F71B26B67E}.Web Prototype|x86.ActiveCfg = Release|x86
		{1ED5F504-DBE7-45FE-A968-F3F71B26B67E}.Web Prototype|x86.Build.0 = Release|x86
	EndGlobalSection
	GlobalSection(SolutionProperties) = preSolution
		HideSolutionNode = FALSE
	EndGlobalSection
	GlobalSection(NestedProjects) = preSolution
		{042A2E9C-DF7F-4CBD-8A47-ABB16291A5F0} = {926F454D-0B31-43E1-AF60-46EDBC3956A3}
		{96D6B59F-E14A-4BCD-9CB0-A1AA08C40AB3} = {926F454D-0B31-43E1-AF60-46EDBC3956A3}
		{B67F3261-FC29-4275-95C2-6B02726C1CF9} = {926F454D-0B31-43E1-AF60-46EDBC3956A3}
		{3BF73203-5D20-4F36-9C74-0C30741BA119} = {13054405-06DD-492F-B870-79F4F00F0C4C}
		{F9FEC76A-8120-4002-92C9-423A60DFD468} = {7274C181-F892-46E6-BAC7-1CE3CED9ACE9}
		{6238949F-C7F0-4215-A5AF-A61E69BC1AAE} = {7274C181-F892-46E6-BAC7-1CE3CED9ACE9}
		{1AE3AEC9-DFC3-4987-B13D-9C7403AB0830} = {98A9052A-109E-40A0-9CDD-66356F267734}
		{FF786976-6F50-424C-B5E3-73C5EEAC3ECB} = {98A9052A-109E-40A0-9CDD-66356F267734}
		{94D9A9C6-44C1-4E5A-877B-5761C963B2F6} = {27787083-12A5-4991-8CC4-33B8D4E6DE24}
		{27787083-12A5-4991-8CC4-33B8D4E6DE24} = {E54E6E27-EBB9-4CEA-9640-0970FAEA6343}
		{6D772B52-DA8F-4784-971A-4BF50CB6D306} = {27787083-12A5-4991-8CC4-33B8D4E6DE24}
		{0ECBE3D9-AED4-419D-A6E3-C53D5CE2A02A} = {27787083-12A5-4991-8CC4-33B8D4E6DE24}
		{4CB7E84D-8638-45E6-9401-41CEE8062392} = {7274C181-F892-46E6-BAC7-1CE3CED9ACE9}
		{7274C181-F892-46E6-BAC7-1CE3CED9ACE9} = {E54E6E27-EBB9-4CEA-9640-0970FAEA6343}
		{1ED5F504-DBE7-45FE-A968-F3F71B26B67E} = {E54E6E27-EBB9-4CEA-9640-0970FAEA6343}
	EndGlobalSection
EndGlobal
